
Microsoft Visual Studio Solution File, Format Version 12.00
# Visual Studio Version 17
VisualStudioVersion = 17.5.33627.172
MinimumVisualStudioVersion = 10.0.40219.1
Project("{FAE04EC0-301F-11D3-BF4B-00C04F79EFBC}") = "atividade 13", "atividade 13\atividade 13.csproj", "{333B1F8E-4D85-4E1C-AE21-2672316A882F}"
EndProject
Global
	GlobalSection(SolutionConfigurationPlatforms) = preSolution
		Debug|Any CPU = Debug|Any CPU
		Release|Any CPU = Release|Any CPU
	EndGlobalSection
	GlobalSection(ProjectConfigurationPlatforms) = postSolution
		{333B1F8E-4D85-4E1C-AE21-2672316A882F}.Debug|Any CPU.ActiveCfg = Debug|Any CPU
		{333B1F8E-4D85-4E1C-AE21-2672316A882F}.Debug|Any CPU.Build.0 = Debug|Any CPU
		{333B1F8E-4D85-4E1C-AE21-2672316A882F}.Release|Any CPU.ActiveCfg = Release|Any CPU
		{333B1F8E-4D85-4E1C-AE21-2672316A882F}.Release|Any CPU.Build.0 = Release|Any CPU
	EndGlobalSection
	GlobalSection(SolutionProperties) = preSolution
		HideSolutionNode = FALSE
	EndGlobalSection
	GlobalSection(ExtensibilityGlobals) = postSolution
		SolutionGuid = {268B5E1E-4B9E-4A79-A0E0-9228B9AF4019}
	EndGlobalSection
EndGlobal
