
Microsoft Visual Studio Solution File, Format Version 12.00
# Visual Studio Version 17
VisualStudioVersion = 17.5.33627.172
MinimumVisualStudioVersion = 10.0.40219.1
Project("{FAE04EC0-301F-11D3-BF4B-00C04F79EFBC}") = "atividade 12", "atividade 12\atividade 12.csproj", "{00B1BD02-C7BD-46BE-A464-4D69E4FBB808}"
EndProject
Global
	GlobalSection(SolutionConfigurationPlatforms) = preSolution
		Debug|Any CPU = Debug|Any CPU
		Release|Any CPU = Release|Any CPU
	EndGlobalSection
	GlobalSection(ProjectConfigurationPlatforms) = postSolution
		{00B1BD02-C7BD-46BE-A464-4D69E4FBB808}.Debug|Any CPU.ActiveCfg = Debug|Any CPU
		{00B1BD02-C7BD-46BE-A464-4D69E4FBB808}.Debug|Any CPU.Build.0 = Debug|Any CPU
		{00B1BD02-C7BD-46BE-A464-4D69E4FBB808}.Release|Any CPU.ActiveCfg = Release|Any CPU
		{00B1BD02-C7BD-46BE-A464-4D69E4FBB808}.Release|Any CPU.Build.0 = Release|Any CPU
	EndGlobalSection
	GlobalSection(SolutionProperties) = preSolution
		HideSolutionNode = FALSE
	EndGlobalSection
	GlobalSection(ExtensibilityGlobals) = postSolution
		SolutionGuid = {58528D37-E1E3-4694-A3CE-56F7E8D29995}
	EndGlobalSection
EndGlobal
