
Microsoft Visual Studio Solution File, Format Version 12.00
# Visual Studio Version 17
VisualStudioVersion = 17.5.33627.172
MinimumVisualStudioVersion = 10.0.40219.1
Project("{FAE04EC0-301F-11D3-BF4B-00C04F79EFBC}") = "Atividade 2", "Atividade 2\Atividade 2.csproj", "{296D473F-A036-4881-BDE9-4CF06A92651B}"
EndProject
Global
	GlobalSection(SolutionConfigurationPlatforms) = preSolution
		Debug|Any CPU = Debug|Any CPU
		Release|Any CPU = Release|Any CPU
	EndGlobalSection
	GlobalSection(ProjectConfigurationPlatforms) = postSolution
		{296D473F-A036-4881-BDE9-4CF06A92651B}.Debug|Any CPU.ActiveCfg = Debug|Any CPU
		{296D473F-A036-4881-BDE9-4CF06A92651B}.Debug|Any CPU.Build.0 = Debug|Any CPU
		{296D473F-A036-4881-BDE9-4CF06A92651B}.Release|Any CPU.ActiveCfg = Release|Any CPU
		{296D473F-A036-4881-BDE9-4CF06A92651B}.Release|Any CPU.Build.0 = Release|Any CPU
	EndGlobalSection
	GlobalSection(SolutionProperties) = preSolution
		HideSolutionNode = FALSE
	EndGlobalSection
	GlobalSection(ExtensibilityGlobals) = postSolution
		SolutionGuid = {C96B11B4-EEEB-4D9A-85D3-3F6D976B22E4}
	EndGlobalSection
EndGlobal
